// !$*UTF8*$!
{
	archiveVersion = 1;
	classes = {
	};
	objectVersion = 46;
	objects = {

/* Begin PBXBuildFile section */
		37323ED51A0FD82C0064F54C /* main.m in Sources */ = {isa = PBXBuildFile; fileRef = 37323ED41A0FD82C0064F54C /* main.m */; };
		37323ED81A0FD82C0064F54C /* AppDelegate.m in Sources */ = {isa = PBXBuildFile; fileRef = 37323ED71A0FD82C0064F54C /* AppDelegate.m */; };
		37323EDB1A0FD82C0064F54C /* DBDoc.xcdatamodeld in Sources */ = {isa = PBXBuildFile; fileRef = 37323ED91A0FD82C0064F54C /* DBDoc.xcdatamodeld */; };
		37323EDE1A0FD82C0064F54C /* MasterViewController.m in Sources */ = {isa = PBXBuildFile; fileRef = 37323EDD1A0FD82C0064F54C /* MasterViewController.m */; };
		37323EE11A0FD82C0064F54C /* DetailViewController.m in Sources */ = {isa = PBXBuildFile; fileRef = 37323EE01A0FD82C0064F54C /* DetailViewController.m */; };
		37323EE41A0FD82C0064F54C /* Main.storyboard in Resources */ = {isa = PBXBuildFile; fileRef = 37323EE21A0FD82C0064F54C /* Main.storyboard */; };
		37323EE61A0FD82C0064F54C /* Images.xcassets in Resources */ = {isa = PBXBuildFile; fileRef = 37323EE51A0FD82C0064F54C /* Images.xcassets */; };
		37323EE91A0FD82C0064F54C /* LaunchScreen.xib in Resources */ = {isa = PBXBuildFile; fileRef = 37323EE71A0FD82C0064F54C /* LaunchScreen.xib */; };
		37323EF51A0FD82C0064F54C /* DBDocTests.m in Sources */ = {isa = PBXBuildFile; fileRef = 37323EF41A0FD82C0064F54C /* DBDocTests.m */; };
/* End PBXBuildFile section */

/* Begin PBXContainerItemProxy section */
		37323EEF1A0FD82C0064F54C /* PBXContainerItemProxy */ = {
			isa = PBXContainerItemProxy;
			containerPortal = 37323EC71A0FD82C0064F54C /* Project object */;
			proxyType = 1;
			remoteGlobalIDString = 37323ECE1A0FD82C0064F54C;
			remoteInfo = DBDoc;
		};
/* End PBXContainerItemProxy section */

/* Begin PBXFileReference section */
		37323ECF1A0FD82C0064F54C /* DBDoc.app */ = {isa = PBXFileReference; explicitFileType = wrapper.application; includeInIndex = 0; path = DBDoc.app; sourceTree = BUILT_PRODUCTS_DIR; };
		37323ED31A0FD82C0064F54C /* Info.plist */ = {isa = PBXFileReference; lastKnownFileType = text.plist.xml; path = Info.plist; sourceTree = "<group>"; };
		37323ED41A0FD82C0064F54C /* main.m */ = {isa = PBXFileReference; lastKnownFileType = sourcecode.c.objc; path = main.m; sourceTree = "<group>"; };
		37323ED61A0FD82C0064F54C /* AppDelegate.h */ = {isa = PBXFileReference; lastKnownFileType = sourcecode.c.h; path = AppDelegate.h; sourceTree = "<group>"; };
		37323ED71A0FD82C0064F54C /* AppDelegate.m */ = {isa = PBXFileReference; lastKnownFileType = sourcecode.c.objc; path = AppDelegate.m; sourceTree = "<group>"; };
		37323EDA1A0FD82C0064F54C /* DBDoc.xcdatamodel */ = {isa = PBXFileReference; lastKnownFileType = wrapper.xcdatamodel; path = DBDoc.xcdatamodel; sourceTree = "<group>"; };
		37323EDC1A0FD82C0064F54C /* MasterViewController.h */ = {isa = PBXFileReference; lastKnownFileType = sourcecode.c.h; path = MasterViewController.h; sourceTree = "<group>"; };
		37323EDD1A0FD82C0064F54C /* MasterViewController.m */ = {isa = PBXFileReference; lastKnownFileType = sourcecode.c.objc; path = MasterViewController.m; sourceTree = "<group>"; };
		37323EDF1A0FD82C0064F54C /* DetailViewController.h */ = {isa = PBXFileReference; lastKnownFileType = sourcecode.c.h; path = DetailViewController.h; sourceTree = "<group>"; };
		37323EE01A0FD82C0064F54C /* DetailViewController.m */ = {isa = PBXFileReference; lastKnownFileType = sourcecode.c.objc; path = DetailViewController.m; sourceTree = "<group>"; };
		37323EE31A0FD82C0064F54C /* Base */ = {isa = PBXFileReference; lastKnownFileType = file.storyboard; name = Base; path = Base.lproj/Main.storyboard; sourceTree = "<group>"; };
		37323EE51A0FD82C0064F54C /* Images.xcassets */ = {isa = PBXFileReference; lastKnownFileType = folder.assetcatalog; path = Images.xcassets; sourceTree = "<group>"; };
		37323EE81A0FD82C0064F54C /* Base */ = {isa = PBXFileReference; lastKnownFileType = file.xib; name = Base; path = Base.lproj/LaunchScreen.xib; sourceTree = "<group>"; };
		37323EEE1A0FD82C0064F54C /* DBDocTests.xctest */ = {isa = PBXFileReference; explicitFileType = wrapper.cfbundle; includeInIndex = 0; path = DBDocTests.xctest; sourceTree = BUILT_PRODUCTS_DIR; };
		37323EF31A0FD82C0064F54C /* Info.plist */ = {isa = PBXFileReference; lastKnownFileType = text.plist.xml; path = Info.plist; sourceTree = "<group>"; };
		37323EF41A0FD82C0064F54C /* DBDocTests.m */ = {isa = PBXFileReference; lastKnownFileType = sourcecode.c.objc; path = DBDocTests.m; sourceTree = "<group>"; };
/* End PBXFileReference section */

/* Begin PBXFrameworksBuildPhase section */
		37323ECC1A0FD82C0064F54C /* Frameworks */ = {
			isa = PBXFrameworksBuildPhase;
			buildActionMask = 2147483647;
			files = (
			);
			runOnlyForDeploymentPostprocessing = 0;
		};
		37323EEB1A0FD82C0064F54C /* Frameworks */ = {
			isa = PBXFrameworksBuildPhase;
			buildActionMask = 2147483647;
			files = (
			);
			runOnlyForDeploymentPostprocessing = 0;
		};
/* End PBXFrameworksBuildPhase section */

/* Begin PBXGroup section */
		37323EC61A0FD82C0064F54C = {
			isa = PBXGroup;
			children = (
				37323ED11A0FD82C0064F54C /* DBDoc */,
				37323EF11A0FD82C0064F54C /* DBDocTests */,
				37323ED01A0FD82C0064F54C /* Products */,
			);
			sourceTree = "<group>";
		};
		37323ED01A0FD82C0064F54C /* Products */ = {
			isa = PBXGroup;
			children = (
				37323ECF1A0FD82C0064F54C /* DBDoc.app */,
				37323EEE1A0FD82C0064F54C /* DBDocTests.xctest */,
			);
			name = Products;
			sourceTree = "<group>";
		};
		37323ED11A0FD82C0064F54C /* DBDoc */ = {
			isa = PBXGroup;
			children = (
				37323ED61A0FD82C0064F54C /* AppDelegate.h */,
				37323ED71A0FD82C0064F54C /* AppDelegate.m */,
				37323EDC1A0FD82C0064F54C /* MasterViewController.h */,
				37323EDD1A0FD82C0064F54C /* MasterViewController.m */,
				37323EDF1A0FD82C0064F54C /* DetailViewController.h */,
				37323EE01A0FD82C0064F54C /* DetailViewController.m */,
				37323EE21A0FD82C0064F54C /* Main.storyboard */,
				37323EE51A0FD82C0064F54C /* Images.xcassets */,
				37323EE71A0FD82C0064F54C /* LaunchScreen.xib */,
				37323ED91A0FD82C0064F54C /* DBDoc.xcdatamodeld */,
				37323ED21A0FD82C0064F54C /* Supporting Files */,
			);
			path = DBDoc;
			sourceTree = "<group>";
		};
		37323ED21A0FD82C0064F54C /* Supporting Files */ = {
			isa = PBXGroup;
			children = (
				37323ED31A0FD82C0064F54C /* Info.plist */,
				37323ED41A0FD82C0064F54C /* main.m */,
			);
			name = "Supporting Files";
			sourceTree = "<group>";
		};
		37323EF11A0FD82C0064F54C /* DBDocTests */ = {
			isa = PBXGroup;
			children = (
				37323EF41A0FD82C0064F54C /* DBDocTests.m */,
				37323EF21A0FD82C0064F54C /* Supporting Files */,
			);
			path = DBDocTests;
			sourceTree = "<group>";
		};
		37323EF21A0FD82C0064F54C /* Supporting Files */ = {
			isa = PBXGroup;
			children = (
				37323EF31A0FD82C0064F54C /* Info.plist */,
			);
			name = "Supporting Files";
			sourceTree = "<group>";
		};
/* End PBXGroup section */

/* Begin PBXNativeTarget section */
		37323ECE1A0FD82C0064F54C /* DBDoc */ = {
			isa = PBXNativeTarget;
			buildConfigurationList = 37323EF81A0FD82C0064F54C /* Build configuration list for PBXNativeTarget "DBDoc" */;
			buildPhases = (
				37323ECB1A0FD82C0064F54C /* Sources */,
				37323ECC1A0FD82C0064F54C /* Frameworks */,
				37323ECD1A0FD82C0064F54C /* Resources */,
			);
			buildRules = (
			);
			dependencies = (
			);
			name = DBDoc;
			productName = DBDoc;
			productReference = 37323ECF1A0FD82C0064F54C /* DBDoc.app */;
			productType = "com.apple.product-type.application";
		};
		37323EED1A0FD82C0064F54C /* DBDocTests */ = {
			isa = PBXNativeTarget;
			buildConfigurationList = 37323EFB1A0FD82C0064F54C /* Build configuration list for PBXNativeTarget "DBDocTests" */;
			buildPhases = (
				37323EEA1A0FD82C0064F54C /* Sources */,
				37323EEB1A0FD82C0064F54C /* Frameworks */,
				37323EEC1A0FD82C0064F54C /* Resources */,
			);
			buildRules = (
			);
			dependencies = (
				37323EF01A0FD82C0064F54C /* PBXTargetDependency */,
			);
			name = DBDocTests;
			productName = DBDocTests;
			productReference = 37323EEE1A0FD82C0064F54C /* DBDocTests.xctest */;
			productType = "com.apple.product-type.bundle.unit-test";
		};
/* End PBXNativeTarget section */

/* Begin PBXProject section */
		37323EC71A0FD82C0064F54C /* Project object */ = {
			isa = PBXProject;
			attributes = {
				LastUpgradeCheck = 0610;
				ORGANIZATIONNAME = "Nicolas Chaignon";
				TargetAttributes = {
					37323ECE1A0FD82C0064F54C = {
						CreatedOnToolsVersion = 6.1;
					};
					37323EED1A0FD82C0064F54C = {
						CreatedOnToolsVersion = 6.1;
						TestTargetID = 37323ECE1A0FD82C0064F54C;
					};
				};
			};
			buildConfigurationList = 37323ECA1A0FD82C0064F54C /* Build configuration list for PBXProject "DBDoc" */;
			compatibilityVersion = "Xcode 3.2";
			developmentRegion = English;
			hasScannedForEncodings = 0;
			knownRegions = (
				en,
				Base,
			);
			mainGroup = 37323EC61A0FD82C0064F54C;
			productRefGroup = 37323ED01A0FD82C0064F54C /* Products */;
			projectDirPath = "";
			projectRoot = "";
			targets = (
				37323ECE1A0FD82C0064F54C /* DBDoc */,
				37323EED1A0FD82C0064F54C /* DBDocTests */,
			);
		};
/* End PBXProject section */

/* Begin PBXResourcesBuildPhase section */
		37323ECD1A0FD82C0064F54C /* Resources */ = {
			isa = PBXResourcesBuildPhase;
			buildActionMask = 2147483647;
			files = (
				37323EE41A0FD82C0064F54C /* Main.storyboard in Resources */,
				37323EE91A0FD82C0064F54C /* LaunchScreen.xib in Resources */,
				37323EE61A0FD82C0064F54C /* Images.xcassets in Resources */,
			);
			runOnlyForDeploymentPostprocessing = 0;
		};
		37323EEC1A0FD82C0064F54C /* Resources */ = {
			isa = PBXResourcesBuildPhase;
			buildActionMask = 2147483647;
			files = (
			);
			runOnlyForDeploymentPostprocessing = 0;
		};
/* End PBXResourcesBuildPhase section */

/* Begin PBXSourcesBuildPhase section */
		37323ECB1A0FD82C0064F54C /* Sources */ = {
			isa = PBXSourcesBuildPhase;
			buildActionMask = 2147483647;
			files = (
				37323EE11A0FD82C0064F54C /* DetailViewController.m in Sources */,
				37323EDE1A0FD82C0064F54C /* MasterViewController.m in Sources */,
				37323EDB1A0FD82C0064F54C /* DBDoc.xcdatamodeld in Sources */,
				37323ED81A0FD82C0064F54C /* AppDelegate.m in Sources */,
				37323ED51A0FD82C0064F54C /* main.m in Sources */,
			);
			runOnlyForDeploymentPostprocessing = 0;
		};
		37323EEA1A0FD82C0064F54C /* Sources */ = {
			isa = PBXSourcesBuildPhase;
			buildActionMask = 2147483647;
			files = (
				37323EF51A0FD82C0064F54C /* DBDocTests.m in Sources */,
			);
			runOnlyForDeploymentPostprocessing = 0;
		};
/* End PBXSourcesBuildPhase section */

/* Begin PBXTargetDependency section */
		37323EF01A0FD82C0064F54C /* PBXTargetDependency */ = {
			isa = PBXTargetDependency;
			target = 37323ECE1A0FD82C0064F54C /* DBDoc */;
			targetProxy = 37323EEF1A0FD82C0064F54C /* PBXContainerItemProxy */;
		};
/* End PBXTargetDependency section */

/* Begin PBXVariantGroup section */
		37323EE21A0FD82C0064F54C /* Main.storyboard */ = {
			isa = PBXVariantGroup;
			children = (
				37323EE31A0FD82C0064F54C /* Base */,
			);
			name = Main.storyboard;
			sourceTree = "<group>";
		};
		37323EE71A0FD82C0064F54C /* LaunchScreen.xib */ = {
			isa = PBXVariantGroup;
			children = (
				37323EE81A0FD82C0064F54C /* Base */,
			);
			name = LaunchScreen.xib;
			sourceTree = "<group>";
		};
/* End PBXVariantGroup section */

/* Begin XCBuildConfiguration section */
		37323EF61A0FD82C0064F54C /* Debug */ = {
			isa = XCBuildConfiguration;
			buildSettings = {
				ALWAYS_SEARCH_USER_PATHS = NO;
				CLANG_CXX_LANGUAGE_STANDARD = "gnu++0x";
				CLANG_CXX_LIBRARY = "libc++";
				CLANG_ENABLE_MODULES = YES;
				CLANG_ENABLE_OBJC_ARC = YES;
				CLANG_WARN_BOOL_CONVERSION = YES;
				CLANG_WARN_CONSTANT_CONVERSION = YES;
				CLANG_WARN_DIRECT_OBJC_ISA_USAGE = YES_ERROR;
				CLANG_WARN_EMPTY_BODY = YES;
				CLANG_WARN_ENUM_CONVERSION = YES;
				CLANG_WARN_INT_CONVERSION = YES;
				CLANG_WARN_OBJC_ROOT_CLASS = YES_ERROR;
				CLANG_WARN_UNREACHABLE_CODE = YES;
				CLANG_WARN__DUPLICATE_METHOD_MATCH = YES;
				"CODE_SIGN_IDENTITY[sdk=iphoneos*]" = "iPhone Developer";
				COPY_PHASE_STRIP = NO;
				ENABLE_STRICT_OBJC_MSGSEND = YES;
				GCC_C_LANGUAGE_STANDARD = gnu99;
				GCC_DYNAMIC_NO_PIC = NO;
				GCC_OPTIMIZATION_LEVEL = 0;
				GCC_PREPROCESSOR_DEFINITIONS = (
					"DEBUG=1",
					"$(inherited)",
				);
				GCC_SYMBOLS_PRIVATE_EXTERN = NO;
				GCC_WARN_64_TO_32_BIT_CONVERSION = YES;
				GCC_WARN_ABOUT_RETURN_TYPE = YES_ERROR;
				GCC_WARN_UNDECLARED_SELECTOR = YES;
				GCC_WARN_UNINITIALIZED_AUTOS = YES_AGGRESSIVE;
				GCC_WARN_UNUSED_FUNCTION = YES;
				GCC_WARN_UNUSED_VARIABLE = YES;
				IPHONEOS_DEPLOYMENT_TARGET = 8.1;
				MTL_ENABLE_DEBUG_INFO = YES;
				ONLY_ACTIVE_ARCH = YES;
				SDKROOT = iphoneos;
			};
			name = Debug;
		};
		37323EF71A0FD82C0064F54C /* Release */ = {
			isa = XCBuildConfiguration;
			buildSettings = {
				ALWAYS_SEARCH_USER_PATHS = NO;
				CLANG_CXX_LANGUAGE_STANDARD = "gnu++0x";
				CLANG_CXX_LIBRARY = "libc++";
				CLANG_ENABLE_MODULES = YES;
				CLANG_ENABLE_OBJC_ARC = YES;
				CLANG_WARN_BOOL_CONVERSION = YES;
				CLANG_WARN_CONSTANT_CONVERSION = YES;
				CLANG_WARN_DIRECT_OBJC_ISA_USAGE = YES_ERROR;
				CLANG_WARN_EMPTY_BODY = YES;
				CLANG_WARN_ENUM_CONVERSION = YES;
				CLANG_WARN_INT_CONVERSION = YES;
				CLANG_WARN_OBJC_ROOT_CLASS = YES_ERROR;
				CLANG_WARN_UNREACHABLE_CODE = YES;
				CLANG_WARN__DUPLICATE_METHOD_MATCH = YES;
				"CODE_SIGN_IDENTITY[sdk=iphoneos*]" = "iPhone Developer";
				COPY_PHASE_STRIP = YES;
				ENABLE_NS_ASSERTIONS = NO;
				ENABLE_STRICT_OBJC_MSGSEND = YES;
				GCC_C_LANGUAGE_STANDARD = gnu99;
				GCC_WARN_64_TO_32_BIT_CONVERSION = YES;
				GCC_WARN_ABOUT_RETURN_TYPE = YES_ERROR;
				GCC_WARN_UNDECLARED_SELECTOR = YES;
				GCC_WARN_UNINITIALIZED_AUTOS = YES_AGGRESSIVE;
				GCC_WARN_UNUSED_FUNCTION = YES;
				GCC_WARN_UNUSED_VARIABLE = YES;
				IPHONEOS_DEPLOYMENT_TARGET = 8.1;
				MTL_ENABLE_DEBUG_INFO = NO;
				SDKROOT = iphoneos;
				VALIDATE_PRODUCT = YES;
			};
			name = Release;
		};
		37323EF91A0FD82C0064F54C /* Debug */ = {
			isa = XCBuildConfiguration;
			buildSettings = {
				ASSETCATALOG_COMPILER_APPICON_NAME = AppIcon;
				INFOPLIST_FILE = DBDoc/Info.plist;
				LD_RUNPATH_SEARCH_PATHS = "$(inherited) @executable_path/Frameworks";
				PRODUCT_NAME = "$(TARGET_NAME)";
			};
			name = Debug;
		};
		37323EFA1A0FD82C0064F54C /* Release */ = {
			isa = XCBuildConfiguration;
			buildSettings = {
				ASSETCATALOG_COMPILER_APPICON_NAME = AppIcon;
				INFOPLIST_FILE = DBDoc/Info.plist;
				LD_RUNPATH_SEARCH_PATHS = "$(inherited) @executable_path/Frameworks";
				PRODUCT_NAME = "$(TARGET_NAME)";
			};
			name = Release;
		};
		37323EFC1A0FD82C0064F54C /* Debug */ = {
			isa = XCBuildConfiguration;
			buildSettings = {
				BUNDLE_LOADER = "$(TEST_HOST)";
				FRAMEWORK_SEARCH_PATHS = (
					"$(SDKROOT)/Developer/Library/Frameworks",
					"$(inherited)",
				);
				GCC_PREPROCESSOR_DEFINITIONS = (
					"DEBUG=1",
					"$(inherited)",
				);
				INFOPLIST_FILE = DBDocTests/Info.plist;
				LD_RUNPATH_SEARCH_PATHS = "$(inherited) @executable_path/Frameworks @loader_path/Frameworks";
				PRODUCT_NAME = "$(TARGET_NAME)";
				TEST_HOST = "$(BUILT_PRODUCTS_DIR)/DBDoc.app/DBDoc";
			};
			name = Debug;
		};
		37323EFD1A0FD82C0064F54C /* Release */ = {
			isa = XCBuildConfiguration;
			buildSettings = {
				BUNDLE_LOADER = "$(TEST_HOST)";
				FRAMEWORK_SEARCH_PATHS = (
					"$(SDKROOT)/Developer/Library/Frameworks",
					"$(inherited)",
				);
				INFOPLIST_FILE = DBDocTests/Info.plist;
				LD_RUNPATH_SEARCH_PATHS = "$(inherited) @executable_path/Frameworks @loader_path/Frameworks";
				PRODUCT_NAME = "$(TARGET_NAME)";
				TEST_HOST = "$(BUILT_PRODUCTS_DIR)/DBDoc.app/DBDoc";
			};
			name = Release;
		};
/* End XCBuildConfiguration section */

/* Begin XCConfigurationList section */
		37323ECA1A0FD82C0064F54C /* Build configuration list for PBXProject "DBDoc" */ = {
			isa = XCConfigurationList;
			buildConfigurations = (
				37323EF61A0FD82C0064F54C /* Debug */,
				37323EF71A0FD82C0064F54C /* Release */,
			);
			defaultConfigurationIsVisible = 0;
			defaultConfigurationName = Release;
		};
		37323EF81A0FD82C0064F54C /* Build configuration list for PBXNativeTarget "DBDoc" */ = {
			isa = XCConfigurationList;
			buildConfigurations = (
				37323EF91A0FD82C0064F54C /* Debug */,
				37323EFA1A0FD82C0064F54C /* Release */,
			);
			defaultConfigurationIsVisible = 0;
		};
		37323EFB1A0FD82C0064F54C /* Build configuration list for PBXNativeTarget "DBDocTests" */ = {
			isa = XCConfigurationList;
			buildConfigurations = (
				37323EFC1A0FD82C0064F54C /* Debug */,
				37323EFD1A0FD82C0064F54C /* Release */,
			);
			defaultConfigurationIsVisible = 0;
		};
/* End XCConfigurationList section */

/* Begin XCVersionGroup section */
		37323ED91A0FD82C0064F54C /* DBDoc.xcdatamodeld */ = {
			isa = XCVersionGroup;
			children = (
				37323EDA1A0FD82C0064F54C /* DBDoc.xcdatamodel */,
			);
			currentVersion = 37323EDA1A0FD82C0064F54C /* DBDoc.xcdatamodel */;
			path = DBDoc.xcdatamodeld;
			sourceTree = "<group>";
			versionGroupType = wrapper.xcdatamodel;
		};
/* End XCVersionGroup section */
	};
	rootObject = 37323EC71A0FD82C0064F54C /* Project object */;
}
